
Microsoft Visual Studio Solution File, Format Version 12.00
# Visual Studio 14
VisualStudioVersion = 14.0.24720.0
MinimumVisualStudioVersion = 10.0.40219.1
Project("{FAE04EC0-301F-11D3-BF4B-00C04F79EFBC}") = "Raven.ModelMapper", "Raven.ModelMapper\Raven.ModelMapper.csproj", "{8C464EEA-F99D-4855-8EAE-860061F06785}"
EndProject
Project("{FAE04EC0-301F-11D3-BF4B-00C04F79EFBC}") = "Raven.ModelMapper.Test", "Raven.ModelMapper.Test\Raven.ModelMapper.Test.csproj", "{33972B43-AF36-4BF8-ACEA-9350B6C46892}"
EndProject
Global
	GlobalSection(SolutionConfigurationPlatforms) = preSolution
		Debug|Any CPU = Debug|Any CPU
		Release|Any CPU = Release|Any CPU
	EndGlobalSection
	GlobalSection(ProjectConfigurationPlatforms) = postSolution
		{8C464EEA-F99D-4855-8EAE-860061F06785}.Debug|Any CPU.ActiveCfg = Debug|Any CPU
		{8C464EEA-F99D-4855-8EAE-860061F06785}.Debug|Any CPU.Build.0 = Debug|Any CPU
		{8C464EEA-F99D-4855-8EAE-860061F06785}.Release|Any CPU.ActiveCfg = Release|Any CPU
		{8C464EEA-F99D-4855-8EAE-860061F06785}.Release|Any CPU.Build.0 = Release|Any CPU
		{33972B43-AF36-4BF8-ACEA-9350B6C46892}.Debug|Any CPU.ActiveCfg = Debug|Any CPU
		{33972B43-AF36-4BF8-ACEA-9350B6C46892}.Debug|Any CPU.Build.0 = Debug|Any CPU
		{33972B43-AF36-4BF8-ACEA-9350B6C46892}.Release|Any CPU.ActiveCfg = Release|Any CPU
		{33972B43-AF36-4BF8-ACEA-9350B6C46892}.Release|Any CPU.Build.0 = Release|Any CPU
	EndGlobalSection
	GlobalSection(SolutionProperties) = preSolution
		HideSolutionNode = FALSE
	EndGlobalSection
EndGlobal
